
Microsoft Visual Studio Solution File, Format Version 12.00
# Visual Studio 15
VisualStudioVersion = 15.0.27428.2037
MinimumVisualStudioVersion = 10.0.40219.1
Project("{FAE04EC0-301F-11D3-BF4B-00C04F79EFBC}") = "CSharpPractise", "CSharpPractise\CSharpPractise.csproj", "{9CA9FFFA-07E2-4DE6-A8D4-49DD0998FD7B}"
EndProject
Project("{FAE04EC0-301F-11D3-BF4B-00C04F79EFBC}") = "UsingNuGetWorkshop", "UsingNuGetWorkshop\UsingNuGetWorkshop.csproj", "{C92209C3-D07D-4543-8766-82B63F2009EF}"
EndProject
Project("{FAE04EC0-301F-11D3-BF4B-00C04F79EFBC}") = "NuGetExampleWorkshop", "NuGetExampleWorkshop\NuGetExampleWorkshop.csproj", "{1B45CE66-6820-4EA6-A847-1B981C98345A}"
EndProject
Global
	GlobalSection(SolutionConfigurationPlatforms) = preSolution
		Debug|Any CPU = Debug|Any CPU
		Release|Any CPU = Release|Any CPU
	EndGlobalSection
	GlobalSection(ProjectConfigurationPlatforms) = postSolution
		{9CA9FFFA-07E2-4DE6-A8D4-49DD0998FD7B}.Debug|Any CPU.ActiveCfg = Debug|Any CPU
		{9CA9FFFA-07E2-4DE6-A8D4-49DD0998FD7B}.Debug|Any CPU.Build.0 = Debug|Any CPU
		{9CA9FFFA-07E2-4DE6-A8D4-49DD0998FD7B}.Release|Any CPU.ActiveCfg = Release|Any CPU
		{9CA9FFFA-07E2-4DE6-A8D4-49DD0998FD7B}.Release|Any CPU.Build.0 = Release|Any CPU
		{C92209C3-D07D-4543-8766-82B63F2009EF}.Debug|Any CPU.ActiveCfg = Debug|Any CPU
		{C92209C3-D07D-4543-8766-82B63F2009EF}.Debug|Any CPU.Build.0 = Debug|Any CPU
		{C92209C3-D07D-4543-8766-82B63F2009EF}.Release|Any CPU.ActiveCfg = Release|Any CPU
		{C92209C3-D07D-4543-8766-82B63F2009EF}.Release|Any CPU.Build.0 = Release|Any CPU
		{1B45CE66-6820-4EA6-A847-1B981C98345A}.Debug|Any CPU.ActiveCfg = Debug|Any CPU
		{1B45CE66-6820-4EA6-A847-1B981C98345A}.Debug|Any CPU.Build.0 = Debug|Any CPU
		{1B45CE66-6820-4EA6-A847-1B981C98345A}.Release|Any CPU.ActiveCfg = Release|Any CPU
		{1B45CE66-6820-4EA6-A847-1B981C98345A}.Release|Any CPU.Build.0 = Release|Any CPU
	EndGlobalSection
	GlobalSection(SolutionProperties) = preSolution
		HideSolutionNode = FALSE
	EndGlobalSection
	GlobalSection(ExtensibilityGlobals) = postSolution
		SolutionGuid = {2B31214B-D871-46A9-BB4B-2258B70EC1BB}
	EndGlobalSection
EndGlobal
